// !$*UTF8*$!
{
	archiveVersion = 1;
	classes = {
	};
	objectVersion = 55;
	objects = {

/* Begin PBXBuildFile section */
		9993991428487AC3007A32CB /* BuyProduct.cpp in Sources */ = {isa = PBXBuildFile; fileRef = 9993991228487AC3007A32CB /* BuyProduct.cpp */; };
		99939917284883D2007A32CB /* ShowPurchaseHistory.cpp in Sources */ = {isa = PBXBuildFile; fileRef = 99939915284883D2007A32CB /* ShowPurchaseHistory.cpp */; };
		9993991A284888E0007A32CB /* Score.cpp in Sources */ = {isa = PBXBuildFile; fileRef = 99939918284888E0007A32CB /* Score.cpp */; };
		999446A528463AFC0091DA13 /* main.cpp in Sources */ = {isa = PBXBuildFile; fileRef = 999446A428463AFC0091DA13 /* main.cpp */; };
		999446AE2847B5FE0091DA13 /* Product.cpp in Sources */ = {isa = PBXBuildFile; fileRef = 999446AC2847B5FE0091DA13 /* Product.cpp */; };
		999446B12847B6200091DA13 /* Member.cpp in Sources */ = {isa = PBXBuildFile; fileRef = 999446AF2847B6200091DA13 /* Member.cpp */; };
		999446B42847B7CB0091DA13 /* ProductCollection.cpp in Sources */ = {isa = PBXBuildFile; fileRef = 999446B22847B7CB0091DA13 /* ProductCollection.cpp */; };
		999446B72847B88E0091DA13 /* PurchasedProduct.cpp in Sources */ = {isa = PBXBuildFile; fileRef = 999446B52847B88E0091DA13 /* PurchasedProduct.cpp */; };
		999446BA2847B8E10091DA13 /* PurchasedProductCollection.cpp in Sources */ = {isa = PBXBuildFile; fileRef = 999446B82847B8E10091DA13 /* PurchasedProductCollection.cpp */; };
		999446BD2847BB920091DA13 /* SearchProduct.cpp in Sources */ = {isa = PBXBuildFile; fileRef = 999446BB2847BB920091DA13 /* SearchProduct.cpp */; };
/* End PBXBuildFile section */

/* Begin PBXCopyFilesBuildPhase section */
		9994469F28463AFC0091DA13 /* CopyFiles */ = {
			isa = PBXCopyFilesBuildPhase;
			buildActionMask = 2147483647;
			dstPath = /usr/share/man/man1/;
			dstSubfolderSpec = 0;
			files = (
			);
			runOnlyForDeploymentPostprocessing = 1;
		};
/* End PBXCopyFilesBuildPhase section */

/* Begin PBXFileReference section */
		9993991228487AC3007A32CB /* BuyProduct.cpp */ = {isa = PBXFileReference; lastKnownFileType = sourcecode.cpp.cpp; path = BuyProduct.cpp; sourceTree = "<group>"; };
		9993991328487AC3007A32CB /* BuyProduct.hpp */ = {isa = PBXFileReference; lastKnownFileType = sourcecode.cpp.h; path = BuyProduct.hpp; sourceTree = "<group>"; };
		99939915284883D2007A32CB /* ShowPurchaseHistory.cpp */ = {isa = PBXFileReference; lastKnownFileType = sourcecode.cpp.cpp; path = ShowPurchaseHistory.cpp; sourceTree = "<group>"; };
		99939916284883D2007A32CB /* ShowPurchaseHistory.hpp */ = {isa = PBXFileReference; lastKnownFileType = sourcecode.cpp.h; path = ShowPurchaseHistory.hpp; sourceTree = "<group>"; };
		99939918284888E0007A32CB /* Score.cpp */ = {isa = PBXFileReference; lastKnownFileType = sourcecode.cpp.cpp; path = Score.cpp; sourceTree = "<group>"; };
		99939919284888E0007A32CB /* Score.hpp */ = {isa = PBXFileReference; lastKnownFileType = sourcecode.cpp.h; path = Score.hpp; sourceTree = "<group>"; };
		999446A128463AFC0091DA13 /* SEhw3 */ = {isa = PBXFileReference; explicitFileType = "compiled.mach-o.executable"; includeInIndex = 0; path = SEhw3; sourceTree = BUILT_PRODUCTS_DIR; };
		999446A428463AFC0091DA13 /* main.cpp */ = {isa = PBXFileReference; lastKnownFileType = sourcecode.cpp.cpp; path = main.cpp; sourceTree = "<group>"; tabWidth = 5; };
		999446AC2847B5FE0091DA13 /* Product.cpp */ = {isa = PBXFileReference; lastKnownFileType = sourcecode.cpp.cpp; path = Product.cpp; sourceTree = "<group>"; };
		999446AD2847B5FE0091DA13 /* Product.hpp */ = {isa = PBXFileReference; lastKnownFileType = sourcecode.cpp.h; path = Product.hpp; sourceTree = "<group>"; };
		999446AF2847B6200091DA13 /* Member.cpp */ = {isa = PBXFileReference; lastKnownFileType = sourcecode.cpp.cpp; path = Member.cpp; sourceTree = "<group>"; };
		999446B02847B6200091DA13 /* Member.hpp */ = {isa = PBXFileReference; lastKnownFileType = sourcecode.cpp.h; path = Member.hpp; sourceTree = "<group>"; };
		999446B22847B7CB0091DA13 /* ProductCollection.cpp */ = {isa = PBXFileReference; lastKnownFileType = sourcecode.cpp.cpp; path = ProductCollection.cpp; sourceTree = "<group>"; };
		999446B32847B7CB0091DA13 /* ProductCollection.hpp */ = {isa = PBXFileReference; lastKnownFileType = sourcecode.cpp.h; path = ProductCollection.hpp; sourceTree = "<group>"; };
		999446B52847B88E0091DA13 /* PurchasedProduct.cpp */ = {isa = PBXFileReference; lastKnownFileType = sourcecode.cpp.cpp; path = PurchasedProduct.cpp; sourceTree = "<group>"; };
		999446B62847B88E0091DA13 /* PurchasedProduct.hpp */ = {isa = PBXFileReference; lastKnownFileType = sourcecode.cpp.h; path = PurchasedProduct.hpp; sourceTree = "<group>"; };
		999446B82847B8E10091DA13 /* PurchasedProductCollection.cpp */ = {isa = PBXFileReference; lastKnownFileType = sourcecode.cpp.cpp; path = PurchasedProductCollection.cpp; sourceTree = "<group>"; };
		999446B92847B8E10091DA13 /* PurchasedProductCollection.hpp */ = {isa = PBXFileReference; lastKnownFileType = sourcecode.cpp.h; path = PurchasedProductCollection.hpp; sourceTree = "<group>"; };
		999446BB2847BB920091DA13 /* SearchProduct.cpp */ = {isa = PBXFileReference; lastKnownFileType = sourcecode.cpp.cpp; path = SearchProduct.cpp; sourceTree = "<group>"; };
		999446BC2847BB920091DA13 /* SearchProduct.hpp */ = {isa = PBXFileReference; lastKnownFileType = sourcecode.cpp.h; path = SearchProduct.hpp; sourceTree = "<group>"; };
/* End PBXFileReference section */

/* Begin PBXFrameworksBuildPhase section */
		9994469E28463AFC0091DA13 /* Frameworks */ = {
			isa = PBXFrameworksBuildPhase;
			buildActionMask = 2147483647;
			files = (
			);
			runOnlyForDeploymentPostprocessing = 0;
		};
/* End PBXFrameworksBuildPhase section */

/* Begin PBXGroup section */
		9994469828463AFC0091DA13 = {
			isa = PBXGroup;
			children = (
				999446A328463AFC0091DA13 /* SEhw3 */,
				999446A228463AFC0091DA13 /* Products */,
			);
			sourceTree = "<group>";
		};
		999446A228463AFC0091DA13 /* Products */ = {
			isa = PBXGroup;
			children = (
				999446A128463AFC0091DA13 /* SEhw3 */,
			);
			name = Products;
			sourceTree = "<group>";
		};
		999446A328463AFC0091DA13 /* SEhw3 */ = {
			isa = PBXGroup;
			children = (
				99939918284888E0007A32CB /* Score.cpp */,
				99939919284888E0007A32CB /* Score.hpp */,
				99939916284883D2007A32CB /* ShowPurchaseHistory.hpp */,
				99939915284883D2007A32CB /* ShowPurchaseHistory.cpp */,
				9993991228487AC3007A32CB /* BuyProduct.cpp */,
				9993991328487AC3007A32CB /* BuyProduct.hpp */,
				999446B62847B88E0091DA13 /* PurchasedProduct.hpp */,
				999446B52847B88E0091DA13 /* PurchasedProduct.cpp */,
				999446A428463AFC0091DA13 /* main.cpp */,
				999446AC2847B5FE0091DA13 /* Product.cpp */,
				999446AD2847B5FE0091DA13 /* Product.hpp */,
				999446AF2847B6200091DA13 /* Member.cpp */,
				999446B02847B6200091DA13 /* Member.hpp */,
				999446B32847B7CB0091DA13 /* ProductCollection.hpp */,
				999446B22847B7CB0091DA13 /* ProductCollection.cpp */,
				999446B82847B8E10091DA13 /* PurchasedProductCollection.cpp */,
				999446B92847B8E10091DA13 /* PurchasedProductCollection.hpp */,
				999446BB2847BB920091DA13 /* SearchProduct.cpp */,
				999446BC2847BB920091DA13 /* SearchProduct.hpp */,
			);
			path = SEhw3;
			sourceTree = "<group>";
		};
/* End PBXGroup section */

/* Begin PBXNativeTarget section */
		999446A028463AFC0091DA13 /* SEhw3 */ = {
			isa = PBXNativeTarget;
			buildConfigurationList = 999446A828463AFC0091DA13 /* Build configuration list for PBXNativeTarget "SEhw3" */;
			buildPhases = (
				9994469D28463AFC0091DA13 /* Sources */,
				9994469E28463AFC0091DA13 /* Frameworks */,
				9994469F28463AFC0091DA13 /* CopyFiles */,
			);
			buildRules = (
			);
			dependencies = (
			);
			name = SEhw3;
			productName = SEhw3;
			productReference = 999446A128463AFC0091DA13 /* SEhw3 */;
			productType = "com.apple.product-type.tool";
		};
/* End PBXNativeTarget section */

/* Begin PBXProject section */
		9994469928463AFC0091DA13 /* Project object */ = {
			isa = PBXProject;
			attributes = {
				BuildIndependentTargetsInParallel = 1;
				LastUpgradeCheck = 1340;
				TargetAttributes = {
					999446A028463AFC0091DA13 = {
						CreatedOnToolsVersion = 13.4;
					};
				};
			};
			buildConfigurationList = 9994469C28463AFC0091DA13 /* Build configuration list for PBXProject "SEhw3" */;
			compatibilityVersion = "Xcode 13.0";
			developmentRegion = en;
			hasScannedForEncodings = 0;
			knownRegions = (
				en,
				Base,
			);
			mainGroup = 9994469828463AFC0091DA13;
			productRefGroup = 999446A228463AFC0091DA13 /* Products */;
			projectDirPath = "";
			projectRoot = "";
			targets = (
				999446A028463AFC0091DA13 /* SEhw3 */,
			);
		};
/* End PBXProject section */

/* Begin PBXSourcesBuildPhase section */
		9994469D28463AFC0091DA13 /* Sources */ = {
			isa = PBXSourcesBuildPhase;
			buildActionMask = 2147483647;
			files = (
				999446B72847B88E0091DA13 /* PurchasedProduct.cpp in Sources */,
				999446BD2847BB920091DA13 /* SearchProduct.cpp in Sources */,
				9993991428487AC3007A32CB /* BuyProduct.cpp in Sources */,
				999446BA2847B8E10091DA13 /* PurchasedProductCollection.cpp in Sources */,
				999446B12847B6200091DA13 /* Member.cpp in Sources */,
				999446A528463AFC0091DA13 /* main.cpp in Sources */,
				9993991A284888E0007A32CB /* Score.cpp in Sources */,
				999446AE2847B5FE0091DA13 /* Product.cpp in Sources */,
				99939917284883D2007A32CB /* ShowPurchaseHistory.cpp in Sources */,
				999446B42847B7CB0091DA13 /* ProductCollection.cpp in Sources */,
			);
			runOnlyForDeploymentPostprocessing = 0;
		};
/* End PBXSourcesBuildPhase section */

/* Begin XCBuildConfiguration section */
		999446A628463AFC0091DA13 /* Debug */ = {
			isa = XCBuildConfiguration;
			buildSettings = {
				ALWAYS_SEARCH_USER_PATHS = NO;
				CLANG_ANALYZER_NONNULL = YES;
				CLANG_ANALYZER_NUMBER_OBJECT_CONVERSION = YES_AGGRESSIVE;
				CLANG_CXX_LANGUAGE_STANDARD = "gnu++17";
				CLANG_ENABLE_MODULES = YES;
				CLANG_ENABLE_OBJC_ARC = YES;
				CLANG_ENABLE_OBJC_WEAK = YES;
				CLANG_WARN_BLOCK_CAPTURE_AUTORELEASING = YES;
				CLANG_WARN_BOOL_CONVERSION = YES;
				CLANG_WARN_COMMA = YES;
				CLANG_WARN_CONSTANT_CONVERSION = YES;
				CLANG_WARN_DEPRECATED_OBJC_IMPLEMENTATIONS = YES;
				CLANG_WARN_DIRECT_OBJC_ISA_USAGE = YES_ERROR;
				CLANG_WARN_DOCUMENTATION_COMMENTS = YES;
				CLANG_WARN_EMPTY_BODY = YES;
				CLANG_WARN_ENUM_CONVERSION = YES;
				CLANG_WARN_INFINITE_RECURSION = YES;
				CLANG_WARN_INT_CONVERSION = YES;
				CLANG_WARN_NON_LITERAL_NULL_CONVERSION = YES;
				CLANG_WARN_OBJC_IMPLICIT_RETAIN_SELF = YES;
				CLANG_WARN_OBJC_LITERAL_CONVERSION = YES;
				CLANG_WARN_OBJC_ROOT_CLASS = YES_ERROR;
				CLANG_WARN_QUOTED_INCLUDE_IN_FRAMEWORK_HEADER = YES;
				CLANG_WARN_RANGE_LOOP_ANALYSIS = YES;
				CLANG_WARN_STRICT_PROTOTYPES = YES;
				CLANG_WARN_SUSPICIOUS_MOVE = YES;
				CLANG_WARN_UNGUARDED_AVAILABILITY = YES_AGGRESSIVE;
				CLANG_WARN_UNREACHABLE_CODE = YES;
				CLANG_WARN__DUPLICATE_METHOD_MATCH = YES;
				COPY_PHASE_STRIP = NO;
				DEBUG_INFORMATION_FORMAT = dwarf;
				ENABLE_STRICT_OBJC_MSGSEND = YES;
				ENABLE_TESTABILITY = YES;
				GCC_C_LANGUAGE_STANDARD = gnu11;
				GCC_DYNAMIC_NO_PIC = NO;
				GCC_NO_COMMON_BLOCKS = YES;
				GCC_OPTIMIZATION_LEVEL = 0;
				GCC_PREPROCESSOR_DEFINITIONS = (
					"DEBUG=1",
					"$(inherited)",
				);
				GCC_WARN_64_TO_32_BIT_CONVERSION = YES;
				GCC_WARN_ABOUT_RETURN_TYPE = YES_ERROR;
				GCC_WARN_UNDECLARED_SELECTOR = YES;
				GCC_WARN_UNINITIALIZED_AUTOS = YES_AGGRESSIVE;
				GCC_WARN_UNUSED_FUNCTION = YES;
				GCC_WARN_UNUSED_VARIABLE = YES;
				MACOSX_DEPLOYMENT_TARGET = 12.3;
				MTL_ENABLE_DEBUG_INFO = INCLUDE_SOURCE;
				MTL_FAST_MATH = YES;
				ONLY_ACTIVE_ARCH = YES;
				SDKROOT = macosx;
			};
			name = Debug;
		};
		999446A728463AFC0091DA13 /* Release */ = {
			isa = XCBuildConfiguration;
			buildSettings = {
				ALWAYS_SEARCH_USER_PATHS = NO;
				CLANG_ANALYZER_NONNULL = YES;
				CLANG_ANALYZER_NUMBER_OBJECT_CONVERSION = YES_AGGRESSIVE;
				CLANG_CXX_LANGUAGE_STANDARD = "gnu++17";
				CLANG_ENABLE_MODULES = YES;
				CLANG_ENABLE_OBJC_ARC = YES;
				CLANG_ENABLE_OBJC_WEAK = YES;
				CLANG_WARN_BLOCK_CAPTURE_AUTORELEASING = YES;
				CLANG_WARN_BOOL_CONVERSION = YES;
				CLANG_WARN_COMMA = YES;
				CLANG_WARN_CONSTANT_CONVERSION = YES;
				CLANG_WARN_DEPRECATED_OBJC_IMPLEMENTATIONS = YES;
				CLANG_WARN_DIRECT_OBJC_ISA_USAGE = YES_ERROR;
				CLANG_WARN_DOCUMENTATION_COMMENTS = YES;
				CLANG_WARN_EMPTY_BODY = YES;
				CLANG_WARN_ENUM_CONVERSION = YES;
				CLANG_WARN_INFINITE_RECURSION = YES;
				CLANG_WARN_INT_CONVERSION = YES;
				CLANG_WARN_NON_LITERAL_NULL_CONVERSION = YES;
				CLANG_WARN_OBJC_IMPLICIT_RETAIN_SELF = YES;
				CLANG_WARN_OBJC_LITERAL_CONVERSION = YES;
				CLANG_WARN_OBJC_ROOT_CLASS = YES_ERROR;
				CLANG_WARN_QUOTED_INCLUDE_IN_FRAMEWORK_HEADER = YES;
				CLANG_WARN_RANGE_LOOP_ANALYSIS = YES;
				CLANG_WARN_STRICT_PROTOTYPES = YES;
				CLANG_WARN_SUSPICIOUS_MOVE = YES;
				CLANG_WARN_UNGUARDED_AVAILABILITY = YES_AGGRESSIVE;
				CLANG_WARN_UNREACHABLE_CODE = YES;
				CLANG_WARN__DUPLICATE_METHOD_MATCH = YES;
				COPY_PHASE_STRIP = NO;
				DEBUG_INFORMATION_FORMAT = "dwarf-with-dsym";
				ENABLE_NS_ASSERTIONS = NO;
				ENABLE_STRICT_OBJC_MSGSEND = YES;
				GCC_C_LANGUAGE_STANDARD = gnu11;
				GCC_NO_COMMON_BLOCKS = YES;
				GCC_WARN_64_TO_32_BIT_CONVERSION = YES;
				GCC_WARN_ABOUT_RETURN_TYPE = YES_ERROR;
				GCC_WARN_UNDECLARED_SELECTOR = YES;
				GCC_WARN_UNINITIALIZED_AUTOS = YES_AGGRESSIVE;
				GCC_WARN_UNUSED_FUNCTION = YES;
				GCC_WARN_UNUSED_VARIABLE = YES;
				MACOSX_DEPLOYMENT_TARGET = 12.3;
				MTL_ENABLE_DEBUG_INFO = NO;
				MTL_FAST_MATH = YES;
				SDKROOT = macosx;
			};
			name = Release;
		};
		999446A928463AFC0091DA13 /* Debug */ = {
			isa = XCBuildConfiguration;
			buildSettings = {
				CODE_SIGN_STYLE = Automatic;
				PRODUCT_NAME = "$(TARGET_NAME)";
			};
			name = Debug;
		};
		999446AA28463AFC0091DA13 /* Release */ = {
			isa = XCBuildConfiguration;
			buildSettings = {
				CODE_SIGN_STYLE = Automatic;
				PRODUCT_NAME = "$(TARGET_NAME)";
			};
			name = Release;
		};
/* End XCBuildConfiguration section */

/* Begin XCConfigurationList section */
		9994469C28463AFC0091DA13 /* Build configuration list for PBXProject "SEhw3" */ = {
			isa = XCConfigurationList;
			buildConfigurations = (
				999446A628463AFC0091DA13 /* Debug */,
				999446A728463AFC0091DA13 /* Release */,
			);
			defaultConfigurationIsVisible = 0;
			defaultConfigurationName = Release;
		};
		999446A828463AFC0091DA13 /* Build configuration list for PBXNativeTarget "SEhw3" */ = {
			isa = XCConfigurationList;
			buildConfigurations = (
				999446A928463AFC0091DA13 /* Debug */,
				999446AA28463AFC0091DA13 /* Release */,
			);
			defaultConfigurationIsVisible = 0;
			defaultConfigurationName = Release;
		};
/* End XCConfigurationList section */
	};
	rootObject = 9994469928463AFC0091DA13 /* Project object */;
}
